// !$*UTF8*$!
{
	archiveVersion = 1;
	classes = {
	};
	objectVersion = 50;
	objects = {

/* Begin PBXBuildFile section */
		124D6051208591B1002D7608 /* AppDelegate.swift in Sources */ = {isa = PBXBuildFile; fileRef = 124D6050208591B1002D7608 /* AppDelegate.swift */; };
		124D6053208591B1002D7608 /* CPSplashScreenVC.swift in Sources */ = {isa = PBXBuildFile; fileRef = 124D6052208591B1002D7608 /* CPSplashScreenVC.swift */; };
		124D6056208591B1002D7608 /* Main.storyboard in Resources */ = {isa = PBXBuildFile; fileRef = 124D6054208591B1002D7608 /* Main.storyboard */; };
		124D6058208591B2002D7608 /* Assets.xcassets in Resources */ = {isa = PBXBuildFile; fileRef = 124D6057208591B2002D7608 /* Assets.xcassets */; };
		124D605B208591B2002D7608 /* LaunchScreen.storyboard in Resources */ = {isa = PBXBuildFile; fileRef = 124D6059208591B2002D7608 /* LaunchScreen.storyboard */; };
		125119852095D1F100282E83 /* CPLoginVC.swift in Sources */ = {isa = PBXBuildFile; fileRef = 125119842095D1F100282E83 /* CPLoginVC.swift */; };
		125119872095D20800282E83 /* CPSignUpVC.swift in Sources */ = {isa = PBXBuildFile; fileRef = 125119862095D20800282E83 /* CPSignUpVC.swift */; };
		125119892095D25300282E83 /* CPTabBarVC.swift in Sources */ = {isa = PBXBuildFile; fileRef = 125119882095D25300282E83 /* CPTabBarVC.swift */; };
		127B9B382097647A0042E72A /* CPHomeVC.swift in Sources */ = {isa = PBXBuildFile; fileRef = 127B9B372097647A0042E72A /* CPHomeVC.swift */; };
		127B9B3A2097818F0042E72A /* CPListVC.swift in Sources */ = {isa = PBXBuildFile; fileRef = 127B9B392097818F0042E72A /* CPListVC.swift */; };
		127B9B3C20978F020042E72A /* FirebaseService.swift in Sources */ = {isa = PBXBuildFile; fileRef = 127B9B3B20978F020042E72A /* FirebaseService.swift */; };
		12EB4B6D2095FCFD007235F5 /* GoogleService-Info.plist in Resources */ = {isa = PBXBuildFile; fileRef = 12EB4B6C2095FCFD007235F5 /* GoogleService-Info.plist */; };
		84520F16A9C41ED42019E033 /* Pods_CryptoPrice.framework in Frameworks */ = {isa = PBXBuildFile; fileRef = CF3DE8BAFB79EF4F793BAC1D /* Pods_CryptoPrice.framework */; };
/* End PBXBuildFile section */

/* Begin PBXFileReference section */
		124D604D208591B1002D7608 /* CryptoPrice.app */ = {isa = PBXFileReference; explicitFileType = wrapper.application; includeInIndex = 0; path = CryptoPrice.app; sourceTree = BUILT_PRODUCTS_DIR; };
		124D6050208591B1002D7608 /* AppDelegate.swift */ = {isa = PBXFileReference; lastKnownFileType = sourcecode.swift; path = AppDelegate.swift; sourceTree = "<group>"; };
		124D6052208591B1002D7608 /* CPSplashScreenVC.swift */ = {isa = PBXFileReference; lastKnownFileType = sourcecode.swift; path = CPSplashScreenVC.swift; sourceTree = "<group>"; };
		124D6055208591B1002D7608 /* Base */ = {isa = PBXFileReference; lastKnownFileType = file.storyboard; name = Base; path = Base.lproj/Main.storyboard; sourceTree = "<group>"; };
		124D6057208591B2002D7608 /* Assets.xcassets */ = {isa = PBXFileReference; lastKnownFileType = folder.assetcatalog; path = Assets.xcassets; sourceTree = "<group>"; };
		124D605A208591B2002D7608 /* Base */ = {isa = PBXFileReference; lastKnownFileType = file.storyboard; name = Base; path = Base.lproj/LaunchScreen.storyboard; sourceTree = "<group>"; };
		124D605C208591B2002D7608 /* Info.plist */ = {isa = PBXFileReference; lastKnownFileType = text.plist.xml; path = Info.plist; sourceTree = "<group>"; };
		125119842095D1F100282E83 /* CPLoginVC.swift */ = {isa = PBXFileReference; lastKnownFileType = sourcecode.swift; path = CPLoginVC.swift; sourceTree = "<group>"; };
		125119862095D20800282E83 /* CPSignUpVC.swift */ = {isa = PBXFileReference; lastKnownFileType = sourcecode.swift; path = CPSignUpVC.swift; sourceTree = "<group>"; };
		125119882095D25300282E83 /* CPTabBarVC.swift */ = {isa = PBXFileReference; lastKnownFileType = sourcecode.swift; path = CPTabBarVC.swift; sourceTree = "<group>"; };
		127B9B372097647A0042E72A /* CPHomeVC.swift */ = {isa = PBXFileReference; lastKnownFileType = sourcecode.swift; path = CPHomeVC.swift; sourceTree = "<group>"; };
		127B9B392097818F0042E72A /* CPListVC.swift */ = {isa = PBXFileReference; lastKnownFileType = sourcecode.swift; path = CPListVC.swift; sourceTree = "<group>"; };
		127B9B3B20978F020042E72A /* FirebaseService.swift */ = {isa = PBXFileReference; lastKnownFileType = sourcecode.swift; path = FirebaseService.swift; sourceTree = "<group>"; };
		12EB4B6C2095FCFD007235F5 /* GoogleService-Info.plist */ = {isa = PBXFileReference; fileEncoding = 4; lastKnownFileType = text.plist.xml; path = "GoogleService-Info.plist"; sourceTree = "<group>"; };
		45F21D56D40ADED20C23DE10 /* Pods-CryptoPrice.release.xcconfig */ = {isa = PBXFileReference; includeInIndex = 1; lastKnownFileType = text.xcconfig; name = "Pods-CryptoPrice.release.xcconfig"; path = "Pods/Target Support Files/Pods-CryptoPrice/Pods-CryptoPrice.release.xcconfig"; sourceTree = "<group>"; };
		6C9C22548E6C3FF4DBB0586D /* Pods-CryptoPrice.debug.xcconfig */ = {isa = PBXFileReference; includeInIndex = 1; lastKnownFileType = text.xcconfig; name = "Pods-CryptoPrice.debug.xcconfig"; path = "Pods/Target Support Files/Pods-CryptoPrice/Pods-CryptoPrice.debug.xcconfig"; sourceTree = "<group>"; };
		CF3DE8BAFB79EF4F793BAC1D /* Pods_CryptoPrice.framework */ = {isa = PBXFileReference; explicitFileType = wrapper.framework; includeInIndex = 0; path = Pods_CryptoPrice.framework; sourceTree = BUILT_PRODUCTS_DIR; };
/* End PBXFileReference section */

/* Begin PBXFrameworksBuildPhase section */
		124D604A208591B1002D7608 /* Frameworks */ = {
			isa = PBXFrameworksBuildPhase;
			buildActionMask = 2147483647;
			files = (
				84520F16A9C41ED42019E033 /* Pods_CryptoPrice.framework in Frameworks */,
			);
			runOnlyForDeploymentPostprocessing = 0;
		};
/* End PBXFrameworksBuildPhase section */

/* Begin PBXGroup section */
		124D6044208591B1002D7608 = {
			isa = PBXGroup;
			children = (
				124D604F208591B1002D7608 /* CryptoPrice */,
				124D604E208591B1002D7608 /* Products */,
				562F68EDEC9748F3F156CAA8 /* Pods */,
				3D502B60B7123D76A3A4AA7F /* Frameworks */,
			);
			sourceTree = "<group>";
		};
		124D604E208591B1002D7608 /* Products */ = {
			isa = PBXGroup;
			children = (
				124D604D208591B1002D7608 /* CryptoPrice.app */,
			);
			name = Products;
			sourceTree = "<group>";
		};
		124D604F208591B1002D7608 /* CryptoPrice */ = {
			isa = PBXGroup;
			children = (
				127B9B3D2098166E0042E72A /* HttpService */,
				125119832094D97D00282E83 /* Controller */,
				125119812094AA7800282E83 /* Model */,
				124D6050208591B1002D7608 /* AppDelegate.swift */,
				124D6054208591B1002D7608 /* Main.storyboard */,
				124D6057208591B2002D7608 /* Assets.xcassets */,
				124D6059208591B2002D7608 /* LaunchScreen.storyboard */,
				124D605C208591B2002D7608 /* Info.plist */,
				12EB4B6C2095FCFD007235F5 /* GoogleService-Info.plist */,
			);
			path = CryptoPrice;
			sourceTree = "<group>";
		};
		125119812094AA7800282E83 /* Model */ = {
			isa = PBXGroup;
			children = (
			);
			path = Model;
			sourceTree = "<group>";
		};
		125119832094D97D00282E83 /* Controller */ = {
			isa = PBXGroup;
			children = (
				124D6052208591B1002D7608 /* CPSplashScreenVC.swift */,
				125119842095D1F100282E83 /* CPLoginVC.swift */,
				125119862095D20800282E83 /* CPSignUpVC.swift */,
				125119882095D25300282E83 /* CPTabBarVC.swift */,
				127B9B372097647A0042E72A /* CPHomeVC.swift */,
				127B9B392097818F0042E72A /* CPListVC.swift */,
			);
			path = Controller;
			sourceTree = "<group>";
		};
		127B9B3D2098166E0042E72A /* HttpService */ = {
			isa = PBXGroup;
			children = (
				127B9B3B20978F020042E72A /* FirebaseService.swift */,
			);
			path = HttpService;
			sourceTree = "<group>";
		};
		3D502B60B7123D76A3A4AA7F /* Frameworks */ = {
			isa = PBXGroup;
			children = (
				CF3DE8BAFB79EF4F793BAC1D /* Pods_CryptoPrice.framework */,
			);
			name = Frameworks;
			sourceTree = "<group>";
		};
		562F68EDEC9748F3F156CAA8 /* Pods */ = {
			isa = PBXGroup;
			children = (
				6C9C22548E6C3FF4DBB0586D /* Pods-CryptoPrice.debug.xcconfig */,
				45F21D56D40ADED20C23DE10 /* Pods-CryptoPrice.release.xcconfig */,
			);
			name = Pods;
			sourceTree = "<group>";
		};
/* End PBXGroup section */

/* Begin PBXNativeTarget section */
		124D604C208591B1002D7608 /* CryptoPrice */ = {
			isa = PBXNativeTarget;
			buildConfigurationList = 124D605F208591B2002D7608 /* Build configuration list for PBXNativeTarget "CryptoPrice" */;
			buildPhases = (
				E4180AA3F60053ECC326DF49 /* [CP] Check Pods Manifest.lock */,
				124D6049208591B1002D7608 /* Sources */,
				124D604A208591B1002D7608 /* Frameworks */,
				124D604B208591B1002D7608 /* Resources */,
				344D823292096E2761A5ADF7 /* [CP] Embed Pods Frameworks */,
			);
			buildRules = (
			);
			dependencies = (
			);
			name = CryptoPrice;
			productName = CryptoPrice;
			productReference = 124D604D208591B1002D7608 /* CryptoPrice.app */;
			productType = "com.apple.product-type.application";
		};
/* End PBXNativeTarget section */

/* Begin PBXProject section */
		124D6045208591B1002D7608 /* Project object */ = {
			isa = PBXProject;
			attributes = {
				LastSwiftUpdateCheck = 0930;
				LastUpgradeCheck = 0930;
				ORGANIZATIONNAME = oatThanut;
				TargetAttributes = {
					124D604C208591B1002D7608 = {
						CreatedOnToolsVersion = 9.3;
					};
				};
			};
			buildConfigurationList = 124D6048208591B1002D7608 /* Build configuration list for PBXProject "CryptoPrice" */;
			compatibilityVersion = "Xcode 9.3";
			developmentRegion = en;
			hasScannedForEncodings = 0;
			knownRegions = (
				en,
				Base,
			);
			mainGroup = 124D6044208591B1002D7608;
			productRefGroup = 124D604E208591B1002D7608 /* Products */;
			projectDirPath = "";
			projectRoot = "";
			targets = (
				124D604C208591B1002D7608 /* CryptoPrice */,
			);
		};
/* End PBXProject section */

/* Begin PBXResourcesBuildPhase section */
		124D604B208591B1002D7608 /* Resources */ = {
			isa = PBXResourcesBuildPhase;
			buildActionMask = 2147483647;
			files = (
				124D605B208591B2002D7608 /* LaunchScreen.storyboard in Resources */,
				12EB4B6D2095FCFD007235F5 /* GoogleService-Info.plist in Resources */,
				124D6058208591B2002D7608 /* Assets.xcassets in Resources */,
				124D6056208591B1002D7608 /* Main.storyboard in Resources */,
			);
			runOnlyForDeploymentPostprocessing = 0;
		};
/* End PBXResourcesBuildPhase section */

/* Begin PBXShellScriptBuildPhase section */
		344D823292096E2761A5ADF7 /* [CP] Embed Pods Frameworks */ = {
			isa = PBXShellScriptBuildPhase;
			buildActionMask = 2147483647;
			files = (
			);
			inputPaths = (
				"${SRCROOT}/Pods/Target Support Files/Pods-CryptoPrice/Pods-CryptoPrice-frameworks.sh",
				"${BUILT_PRODUCTS_DIR}/Alamofire/Alamofire.framework",
				"${BUILT_PRODUCTS_DIR}/GTMSessionFetcher/GTMSessionFetcher.framework",
				"${BUILT_PRODUCTS_DIR}/GoogleToolboxForMac/GoogleToolboxForMac.framework",
				"${BUILT_PRODUCTS_DIR}/nanopb/nanopb.framework",
			);
			name = "[CP] Embed Pods Frameworks";
			outputPaths = (
				"${TARGET_BUILD_DIR}/${FRAMEWORKS_FOLDER_PATH}/Alamofire.framework",
				"${TARGET_BUILD_DIR}/${FRAMEWORKS_FOLDER_PATH}/GTMSessionFetcher.framework",
				"${TARGET_BUILD_DIR}/${FRAMEWORKS_FOLDER_PATH}/GoogleToolboxForMac.framework",
				"${TARGET_BUILD_DIR}/${FRAMEWORKS_FOLDER_PATH}/nanopb.framework",
			);
			runOnlyForDeploymentPostprocessing = 0;
			shellPath = /bin/sh;
			shellScript = "\"${SRCROOT}/Pods/Target Support Files/Pods-CryptoPrice/Pods-CryptoPrice-frameworks.sh\"\n";
			showEnvVarsInLog = 0;
		};
		E4180AA3F60053ECC326DF49 /* [CP] Check Pods Manifest.lock */ = {
			isa = PBXShellScriptBuildPhase;
			buildActionMask = 2147483647;
			files = (
			);
			inputPaths = (
				"${PODS_PODFILE_DIR_PATH}/Podfile.lock",
				"${PODS_ROOT}/Manifest.lock",
			);
			name = "[CP] Check Pods Manifest.lock";
			outputPaths = (
				"$(DERIVED_FILE_DIR)/Pods-CryptoPrice-checkManifestLockResult.txt",
			);
			runOnlyForDeploymentPostprocessing = 0;
			shellPath = /bin/sh;
			shellScript = "diff \"${PODS_PODFILE_DIR_PATH}/Podfile.lock\" \"${PODS_ROOT}/Manifest.lock\" > /dev/null\nif [ $? != 0 ] ; then\n    # print error to STDERR\n    echo \"error: The sandbox is not in sync with the Podfile.lock. Run 'pod install' or update your CocoaPods installation.\" >&2\n    exit 1\nfi\n# This output is used by Xcode 'outputs' to avoid re-running this script phase.\necho \"SUCCESS\" > \"${SCRIPT_OUTPUT_FILE_0}\"\n";
			showEnvVarsInLog = 0;
		};
/* End PBXShellScriptBuildPhase section */

/* Begin PBXSourcesBuildPhase section */
		124D6049208591B1002D7608 /* Sources */ = {
			isa = PBXSourcesBuildPhase;
			buildActionMask = 2147483647;
			files = (
				125119892095D25300282E83 /* CPTabBarVC.swift in Sources */,
				124D6053208591B1002D7608 /* CPSplashScreenVC.swift in Sources */,
				127B9B3C20978F020042E72A /* FirebaseService.swift in Sources */,
				125119872095D20800282E83 /* CPSignUpVC.swift in Sources */,
				124D6051208591B1002D7608 /* AppDelegate.swift in Sources */,
				127B9B382097647A0042E72A /* CPHomeVC.swift in Sources */,
				127B9B3A2097818F0042E72A /* CPListVC.swift in Sources */,
				125119852095D1F100282E83 /* CPLoginVC.swift in Sources */,
			);
			runOnlyForDeploymentPostprocessing = 0;
		};
/* End PBXSourcesBuildPhase section */

/* Begin PBXVariantGroup section */
		124D6054208591B1002D7608 /* Main.storyboard */ = {
			isa = PBXVariantGroup;
			children = (
				124D6055208591B1002D7608 /* Base */,
			);
			name = Main.storyboard;
			sourceTree = "<group>";
		};
		124D6059208591B2002D7608 /* LaunchScreen.storyboard */ = {
			isa = PBXVariantGroup;
			children = (
				124D605A208591B2002D7608 /* Base */,
			);
			name = LaunchScreen.storyboard;
			sourceTree = "<group>";
		};
/* End PBXVariantGroup section */

/* Begin XCBuildConfiguration section */
		124D605D208591B2002D7608 /* Debug */ = {
			isa = XCBuildConfiguration;
			buildSettings = {
				ALWAYS_SEARCH_USER_PATHS = NO;
				CLANG_ANALYZER_NONNULL = YES;
				CLANG_ANALYZER_NUMBER_OBJECT_CONVERSION = YES_AGGRESSIVE;
				CLANG_CXX_LANGUAGE_STANDARD = "gnu++14";
				CLANG_CXX_LIBRARY = "libc++";
				CLANG_ENABLE_MODULES = YES;
				CLANG_ENABLE_OBJC_ARC = YES;
				CLANG_ENABLE_OBJC_WEAK = YES;
				CLANG_WARN_BLOCK_CAPTURE_AUTORELEASING = YES;
				CLANG_WARN_BOOL_CONVERSION = YES;
				CLANG_WARN_COMMA = YES;
				CLANG_WARN_CONSTANT_CONVERSION = YES;
				CLANG_WARN_DEPRECATED_OBJC_IMPLEMENTATIONS = YES;
				CLANG_WARN_DIRECT_OBJC_ISA_USAGE = YES_ERROR;
				CLANG_WARN_DOCUMENTATION_COMMENTS = YES;
				CLANG_WARN_EMPTY_BODY = YES;
				CLANG_WARN_ENUM_CONVERSION = YES;
				CLANG_WARN_INFINITE_RECURSION = YES;
				CLANG_WARN_INT_CONVERSION = YES;
				CLANG_WARN_NON_LITERAL_NULL_CONVERSION = YES;
				CLANG_WARN_OBJC_IMPLICIT_RETAIN_SELF = YES;
				CLANG_WARN_OBJC_LITERAL_CONVERSION = YES;
				CLANG_WARN_OBJC_ROOT_CLASS = YES_ERROR;
				CLANG_WARN_RANGE_LOOP_ANALYSIS = YES;
				CLANG_WARN_STRICT_PROTOTYPES = YES;
				CLANG_WARN_SUSPICIOUS_MOVE = YES;
				CLANG_WARN_UNGUARDED_AVAILABILITY = YES_AGGRESSIVE;
				CLANG_WARN_UNREACHABLE_CODE = YES;
				CLANG_WARN__DUPLICATE_METHOD_MATCH = YES;
				CODE_SIGN_IDENTITY = "iPhone Developer";
				COPY_PHASE_STRIP = NO;
				DEBUG_INFORMATION_FORMAT = dwarf;
				ENABLE_STRICT_OBJC_MSGSEND = YES;
				ENABLE_TESTABILITY = YES;
				GCC_C_LANGUAGE_STANDARD = gnu11;
				GCC_DYNAMIC_NO_PIC = NO;
				GCC_NO_COMMON_BLOCKS = YES;
				GCC_OPTIMIZATION_LEVEL = 0;
				GCC_PREPROCESSOR_DEFINITIONS = (
					"DEBUG=1",
					"$(inherited)",
				);
				GCC_WARN_64_TO_32_BIT_CONVERSION = YES;
				GCC_WARN_ABOUT_RETURN_TYPE = YES_ERROR;
				GCC_WARN_UNDECLARED_SELECTOR = YES;
				GCC_WARN_UNINITIALIZED_AUTOS = YES_AGGRESSIVE;
				GCC_WARN_UNUSED_FUNCTION = YES;
				GCC_WARN_UNUSED_VARIABLE = YES;
				IPHONEOS_DEPLOYMENT_TARGET = 11.3;
				MTL_ENABLE_DEBUG_INFO = YES;
				ONLY_ACTIVE_ARCH = YES;
				SDKROOT = iphoneos;
				SWIFT_ACTIVE_COMPILATION_CONDITIONS = DEBUG;
				SWIFT_OPTIMIZATION_LEVEL = "-Onone";
			};
			name = Debug;
		};
		124D605E208591B2002D7608 /* Release */ = {
			isa = XCBuildConfiguration;
			buildSettings = {
				ALWAYS_SEARCH_USER_PATHS = NO;
				CLANG_ANALYZER_NONNULL = YES;
				CLANG_ANALYZER_NUMBER_OBJECT_CONVERSION = YES_AGGRESSIVE;
				CLANG_CXX_LANGUAGE_STANDARD = "gnu++14";
				CLANG_CXX_LIBRARY = "libc++";
				CLANG_ENABLE_MODULES = YES;
				CLANG_ENABLE_OBJC_ARC = YES;
				CLANG_ENABLE_OBJC_WEAK = YES;
				CLANG_WARN_BLOCK_CAPTURE_AUTORELEASING = YES;
				CLANG_WARN_BOOL_CONVERSION = YES;
				CLANG_WARN_COMMA = YES;
				CLANG_WARN_CONSTANT_CONVERSION = YES;
				CLANG_WARN_DEPRECATED_OBJC_IMPLEMENTATIONS = YES;
				CLANG_WARN_DIRECT_OBJC_ISA_USAGE = YES_ERROR;
				CLANG_WARN_DOCUMENTATION_COMMENTS = YES;
				CLANG_WARN_EMPTY_BODY = YES;
				CLANG_WARN_ENUM_CONVERSION = YES;
				CLANG_WARN_INFINITE_RECURSION = YES;
				CLANG_WARN_INT_CONVERSION = YES;
				CLANG_WARN_NON_LITERAL_NULL_CONVERSION = YES;
				CLANG_WARN_OBJC_IMPLICIT_RETAIN_SELF = YES;
				CLANG_WARN_OBJC_LITERAL_CONVERSION = YES;
				CLANG_WARN_OBJC_ROOT_CLASS = YES_ERROR;
				CLANG_WARN_RANGE_LOOP_ANALYSIS = YES;
				CLANG_WARN_STRICT_PROTOTYPES = YES;
				CLANG_WARN_SUSPICIOUS_MOVE = YES;
				CLANG_WARN_UNGUARDED_AVAILABILITY = YES_AGGRESSIVE;
				CLANG_WARN_UNREACHABLE_CODE = YES;
				CLANG_WARN__DUPLICATE_METHOD_MATCH = YES;
				CODE_SIGN_IDENTITY = "iPhone Developer";
				COPY_PHASE_STRIP = NO;
				DEBUG_INFORMATION_FORMAT = "dwarf-with-dsym";
				ENABLE_NS_ASSERTIONS = NO;
				ENABLE_STRICT_OBJC_MSGSEND = YES;
				GCC_C_LANGUAGE_STANDARD = gnu11;
				GCC_NO_COMMON_BLOCKS = YES;
				GCC_WARN_64_TO_32_BIT_CONVERSION = YES;
				GCC_WARN_ABOUT_RETURN_TYPE = YES_ERROR;
				GCC_WARN_UNDECLARED_SELECTOR = YES;
				GCC_WARN_UNINITIALIZED_AUTOS = YES_AGGRESSIVE;
				GCC_WARN_UNUSED_FUNCTION = YES;
				GCC_WARN_UNUSED_VARIABLE = YES;
				IPHONEOS_DEPLOYMENT_TARGET = 11.3;
				MTL_ENABLE_DEBUG_INFO = NO;
				SDKROOT = iphoneos;
				SWIFT_COMPILATION_MODE = wholemodule;
				SWIFT_OPTIMIZATION_LEVEL = "-O";
				VALIDATE_PRODUCT = YES;
			};
			name = Release;
		};
		124D6060208591B2002D7608 /* Debug */ = {
			isa = XCBuildConfiguration;
			baseConfigurationReference = 6C9C22548E6C3FF4DBB0586D /* Pods-CryptoPrice.debug.xcconfig */;
			buildSettings = {
				ASSETCATALOG_COMPILER_APPICON_NAME = AppIcon;
				CODE_SIGN_STYLE = Automatic;
				DEVELOPMENT_TEAM = F3NL8W8JS6;
				INFOPLIST_FILE = CryptoPrice/Info.plist;
				LD_RUNPATH_SEARCH_PATHS = (
					"$(inherited)",
					"@executable_path/Frameworks",
				);
				PRODUCT_BUNDLE_IDENTIFIER = IndividualProject.CryptoPrice;
				PRODUCT_NAME = "$(TARGET_NAME)";
				SWIFT_VERSION = 4.0;
				TARGETED_DEVICE_FAMILY = "1,2";
			};
			name = Debug;
		};
		124D6061208591B2002D7608 /* Release */ = {
			isa = XCBuildConfiguration;
			baseConfigurationReference = 45F21D56D40ADED20C23DE10 /* Pods-CryptoPrice.release.xcconfig */;
			buildSettings = {
				ASSETCATALOG_COMPILER_APPICON_NAME = AppIcon;
				CODE_SIGN_STYLE = Automatic;
				DEVELOPMENT_TEAM = F3NL8W8JS6;
				INFOPLIST_FILE = CryptoPrice/Info.plist;
				LD_RUNPATH_SEARCH_PATHS = (
					"$(inherited)",
					"@executable_path/Frameworks",
				);
				PRODUCT_BUNDLE_IDENTIFIER = IndividualProject.CryptoPrice;
				PRODUCT_NAME = "$(TARGET_NAME)";
				SWIFT_VERSION = 4.0;
				TARGETED_DEVICE_FAMILY = "1,2";
			};
			name = Release;
		};
/* End XCBuildConfiguration section */

/* Begin XCConfigurationList section */
		124D6048208591B1002D7608 /* Build configuration list for PBXProject "CryptoPrice" */ = {
			isa = XCConfigurationList;
			buildConfigurations = (
				124D605D208591B2002D7608 /* Debug */,
				124D605E208591B2002D7608 /* Release */,
			);
			defaultConfigurationIsVisible = 0;
			defaultConfigurationName = Release;
		};
		124D605F208591B2002D7608 /* Build configuration list for PBXNativeTarget "CryptoPrice" */ = {
			isa = XCConfigurationList;
			buildConfigurations = (
				124D6060208591B2002D7608 /* Debug */,
				124D6061208591B2002D7608 /* Release */,
			);
			defaultConfigurationIsVisible = 0;
			defaultConfigurationName = Release;
		};
/* End XCConfigurationList section */
	};
	rootObject = 124D6045208591B1002D7608 /* Project object */;
}
